
Microsoft Visual Studio Solution File, Format Version 12.00
# Visual Studio Version 17
VisualStudioVersion = 17.7.34031.279
MinimumVisualStudioVersion = 10.0.40219.1
Project("{FAE04EC0-301F-11D3-BF4B-00C04F79EFBC}") = "Events", "Events\Events.csproj", "{41B00AC0-0193-4EB6-934A-D994CB9A797D}"
EndProject
Global
	GlobalSection(SolutionConfigurationPlatforms) = preSolution
		Debug|Any CPU = Debug|Any CPU
		Release|Any CPU = Release|Any CPU
	EndGlobalSection
	GlobalSection(ProjectConfigurationPlatforms) = postSolution
		{41B00AC0-0193-4EB6-934A-D994CB9A797D}.Debug|Any CPU.ActiveCfg = Debug|Any CPU
		{41B00AC0-0193-4EB6-934A-D994CB9A797D}.Debug|Any CPU.Build.0 = Debug|Any CPU
		{41B00AC0-0193-4EB6-934A-D994CB9A797D}.Release|Any CPU.ActiveCfg = Release|Any CPU
		{41B00AC0-0193-4EB6-934A-D994CB9A797D}.Release|Any CPU.Build.0 = Release|Any CPU
	EndGlobalSection
	GlobalSection(SolutionProperties) = preSolution
		HideSolutionNode = FALSE
	EndGlobalSection
	GlobalSection(ExtensibilityGlobals) = postSolution
		SolutionGuid = {3A511CDD-E2D6-452B-BFBE-A0054A19DA4F}
	EndGlobalSection
EndGlobal
